
Microsoft Visual Studio Solution File, Format Version 12.00
# Visual Studio Version 17
VisualStudioVersion = 17.5.002.0
MinimumVisualStudioVersion = 10.0.40219.1
Project("{9A19103F-16F7-4668-BE54-9A1E7A4F7556}") = "UI", "UI\UI.csproj", "{1B9D7E8D-E767-4D76-8348-DB3961DC2B0A}"
EndProject
Project("{9A19103F-16F7-4668-BE54-9A1E7A4F7556}") = "UI_NET", "UI\UI_NET.csproj", "{FE7AB1F8-730D-435C-9F2C-59F932A63A2E}"
EndProject
Project("{2150E333-8FDC-42A3-9474-1A3956D46DE8}") = "Emulator", "Emulator", "{D4DA1058-63E6-4630-89E5-4ECE5F7144B4}"
EndProject
Project("{9A19103F-16F7-4668-BE54-9A1E7A4F7556}") = "Emulator_NET", "Emulator\Main\Emulator_NET.csproj", "{4753CB57-FFBF-4214-AA65-61AAE7A27D7C}"
EndProject
Project("{9A19103F-16F7-4668-BE54-9A1E7A4F7556}") = "Emulator", "Emulator\Main\Emulator.csproj", "{43CAA86D-3895-4D88-88F9-04605A034EE2}"
EndProject
Project("{9A19103F-16F7-4668-BE54-9A1E7A4F7556}") = "Peripherals", "Emulator\Peripherals\Peripherals.csproj", "{2572FAD6-CE13-415A-8341-E3AC559FF573}"
EndProject
Project("{9A19103F-16F7-4668-BE54-9A1E7A4F7556}") = "Peripherals_NET", "Emulator\Peripherals\Peripherals_NET.csproj", "{F899FAFC-89FD-40F6-8A34-E6A1358E6B49}"
EndProject
Project("{9A19103F-16F7-4668-BE54-9A1E7A4F7556}") = "cores-ppc64_NET", "Emulator\Cores\cores-ppc64_NET.csproj", "{0F2D536D-E69D-4AC1-B299-32A21A660771}"
EndProject
Project("{9A19103F-16F7-4668-BE54-9A1E7A4F7556}") = "cores-sparc_NET", "Emulator\Cores\cores-sparc_NET.csproj", "{8C9FE7C1-0596-43B4-824B-9F80664D3450}"
EndProject
Project("{9A19103F-16F7-4668-BE54-9A1E7A4F7556}") = "cores-arm-m_NET", "Emulator\Cores\cores-arm-m_NET.csproj", "{E5129D25-63D2-4445-A345-950E98C33B96}"
EndProject
Project("{9A19103F-16F7-4668-BE54-9A1E7A4F7556}") = "cores-arm64", "Emulator\Cores\cores-arm64.csproj", "{A9B851C5-46A7-4DA5-8256-98F4CE3EC526}"
EndProject
Project("{9A19103F-16F7-4668-BE54-9A1E7A4F7556}") = "cores-ppc64", "Emulator\Cores\cores-ppc64.csproj", "{59F96704-7BF9-418F-8E46-0A6631348CD0}"
EndProject
Project("{9A19103F-16F7-4668-BE54-9A1E7A4F7556}") = "cores.template", "Emulator\Cores\cores.template.csproj", "{832301FB-0CC2-4D39-A496-4CF2E4DC9FB6}"
EndProject
Project("{9A19103F-16F7-4668-BE54-9A1E7A4F7556}") = "cores-ppc_NET", "Emulator\Cores\cores-ppc_NET.csproj", "{BA8AC2CA-8A3C-4808-A708-B0166E03B1DF}"
EndProject
Project("{9A19103F-16F7-4668-BE54-9A1E7A4F7556}") = "osx-properties", "Emulator\Cores\osx-properties.csproj", "{55381FC9-E61C-40E8-AD28-172679F11F8F}"
EndProject
Project("{9A19103F-16F7-4668-BE54-9A1E7A4F7556}") = "cores-ppc", "Emulator\Cores\cores-ppc.csproj", "{BC4A1C97-6980-44EB-82F0-85A53FCD00CD}"
EndProject
Project("{9A19103F-16F7-4668-BE54-9A1E7A4F7556}") = "cores-arm-m", "Emulator\Cores\cores-arm-m.csproj", "{F8710BF7-EC90-428B-9C2A-9C01313C00ED}"
EndProject
Project("{9A19103F-16F7-4668-BE54-9A1E7A4F7556}") = "windows-properties_NET", "Emulator\Cores\windows-properties_NET.csproj", "{899C909D-AD3E-48EB-AB06-385E8C018DAD}"
EndProject
Project("{9A19103F-16F7-4668-BE54-9A1E7A4F7556}") = "cores.template_NET", "Emulator\Cores\cores.template_NET.csproj", "{3FEFE144-FD2A-4E1D-A5DF-1DCFEE8623BB}"
EndProject
Project("{9A19103F-16F7-4668-BE54-9A1E7A4F7556}") = "cores-i386_NET", "Emulator\Cores\cores-i386_NET.csproj", "{FA12A8C4-4006-41EF-9996-BD18AF5F4CBA}"
EndProject
Project("{9A19103F-16F7-4668-BE54-9A1E7A4F7556}") = "cores-riscv_NET", "Emulator\Cores\cores-riscv_NET.csproj", "{9079EFBC-93E9-432A-9008-65BDA2B2F49E}"
EndProject
Project("{9A19103F-16F7-4668-BE54-9A1E7A4F7556}") = "osx-properties_NET", "Emulator\Cores\osx-properties_NET.csproj", "{E48A8E62-5A7E-4E2D-AD9D-B2164A53D9E3}"
EndProject
Project("{9A19103F-16F7-4668-BE54-9A1E7A4F7556}") = "cores-riscv64", "Emulator\Cores\cores-riscv64.csproj", "{3E6070E8-F005-4EFC-83EF-10C6C8A2AD49}"
EndProject
Project("{9A19103F-16F7-4668-BE54-9A1E7A4F7556}") = "cores-xtensa", "Emulator\Cores\cores-xtensa.csproj", "{D22A90C7-5D35-4AC7-8284-7DF2FD6A9876}"
EndProject
Project("{9A19103F-16F7-4668-BE54-9A1E7A4F7556}") = "linux-properties_NET", "Emulator\Cores\linux-properties_NET.csproj", "{A8A8FD59-CFE0-4077-B1A1-8E18E0533250}"
EndProject
Project("{9A19103F-16F7-4668-BE54-9A1E7A4F7556}") = "windows-properties", "Emulator\Cores\windows-properties.csproj", "{B645E867-9489-4DD1-9C9F-42A0E40BBED1}"
EndProject
Project("{9A19103F-16F7-4668-BE54-9A1E7A4F7556}") = "cores-i386", "Emulator\Cores\cores-i386.csproj", "{95F93E95-653C-4660-A926-8FE12AEF9243}"
EndProject
Project("{9A19103F-16F7-4668-BE54-9A1E7A4F7556}") = "cores-xtensa_NET", "Emulator\Cores\cores-xtensa_NET.csproj", "{6C8BDEA6-D4BE-4379-AB66-C3787B50F360}"
EndProject
Project("{9A19103F-16F7-4668-BE54-9A1E7A4F7556}") = "cores-arm", "Emulator\Cores\cores-arm.csproj", "{B33AFA70-22CA-4CCB-9B96-A869F47E9294}"
EndProject
Project("{9A19103F-16F7-4668-BE54-9A1E7A4F7556}") = "cores-sparc", "Emulator\Cores\cores-sparc.csproj", "{9446F474-01C9-4318-A6BB-F10332451FE7}"
EndProject
Project("{9A19103F-16F7-4668-BE54-9A1E7A4F7556}") = "cores-arm64_NET", "Emulator\Cores\cores-arm64_NET.csproj", "{60D87101-B2C8-4354-AA9E-0C6B2512BF54}"
EndProject
Project("{9A19103F-16F7-4668-BE54-9A1E7A4F7556}") = "cores-riscv", "Emulator\Cores\cores-riscv.csproj", "{E0ED2992-66E6-4AD9-9700-CB41D24BA2FD}"
EndProject
Project("{9A19103F-16F7-4668-BE54-9A1E7A4F7556}") = "linux-properties", "Emulator\Cores\linux-properties.csproj", "{8DB23A10-4FCA-43EE-B708-9A259D10F7CA}"
EndProject
Project("{9A19103F-16F7-4668-BE54-9A1E7A4F7556}") = "cores-riscv64_NET", "Emulator\Cores\cores-riscv64_NET.csproj", "{85D7B6A7-E2C8-41C9-B3F7-9B60F7F4D74A}"
EndProject
Project("{9A19103F-16F7-4668-BE54-9A1E7A4F7556}") = "cores-arm_NET", "Emulator\Cores\cores-arm_NET.csproj", "{43D57E2F-EBD6-4776-A7BD-85D05394A76B}"
EndProject
Project("{9A19103F-16F7-4668-BE54-9A1E7A4F7556}") = "Extensions_NET", "Emulator\Extensions\Extensions_NET.csproj", "{5653F646-E252-44F2-954C-67907F4A0BE9}"
EndProject
Project("{9A19103F-16F7-4668-BE54-9A1E7A4F7556}") = "Extensions", "Emulator\Extensions\Extensions.csproj", "{51698352-2634-44CD-B4F7-8F1027A87C6A}"
EndProject
Project("{2150E333-8FDC-42A3-9474-1A3956D46DE8}") = "Plugins", "Plugins", "{9AB78BD4-FC52-4F18-B95C-B5ED144A41C3}"
EndProject
Project("{9A19103F-16F7-4668-BE54-9A1E7A4F7556}") = "TracePlugin_NET", "Plugins\TracePlugin\TracePlugin_NET.csproj", "{7141CA89-BAA8-4B93-AEA9-E0DC0C9ED040}"
EndProject
Project("{9A19103F-16F7-4668-BE54-9A1E7A4F7556}") = "TracePlugin", "Plugins\TracePlugin\TracePlugin.csproj", "{6FC4995C-6502-43FE-91F9-62A218E56DB1}"
EndProject
Project("{9A19103F-16F7-4668-BE54-9A1E7A4F7556}") = "AdvancedLoggerViewerPlugin", "Plugins\AdvancedLoggerViewerPlugin\AdvancedLoggerViewerPlugin.csproj", "{57BC022A-4F5D-4AB9-8AC6-8B1E3B0E47EC}"
EndProject
Project("{9A19103F-16F7-4668-BE54-9A1E7A4F7556}") = "AdvancedLoggerViewerPlugin_NET", "Plugins\AdvancedLoggerViewerPlugin\AdvancedLoggerViewerPlugin_NET.csproj", "{6544C1AB-5270-445D-81AF-4EA56860A383}"
EndProject
Project("{9A19103F-16F7-4668-BE54-9A1E7A4F7556}") = "SampleCommandPlugin_NET", "Plugins\SampleCommandPlugin\SampleCommandPlugin_NET.csproj", "{8CCB475D-E57D-4FF4-9E72-6C0399E4654B}"
EndProject
Project("{9A19103F-16F7-4668-BE54-9A1E7A4F7556}") = "SampleCommandPlugin", "Plugins\SampleCommandPlugin\SampleCommandPlugin.csproj", "{94FA9E6C-A098-427E-8249-142DF6A05ACD}"
EndProject
Project("{2150E333-8FDC-42A3-9474-1A3956D46DE8}") = "Extensions (1)", "Extensions", "{AF2C0A41-8FFC-41C0-BB05-90A608477620}"
EndProject
Project("{9A19103F-16F7-4668-BE54-9A1E7A4F7556}") = "MonitorTests", "Emulator\Extensions\MonitorTests\MonitorTests.csproj", "{CF3F0D97-356E-46CF-A520-4BA9ADB7D527}"
EndProject
Project("{9A19103F-16F7-4668-BE54-9A1E7A4F7556}") = "MonitorTests_NET", "Emulator\Extensions\MonitorTests\MonitorTests_NET.csproj", "{01178F6D-1054-461E-9522-E619EA3D30F2}"
EndProject
Project("{2150E333-8FDC-42A3-9474-1A3956D46DE8}") = "Main", "Main", "{7AD92A7E-7EBC-4062-B0A3-34D99BE9DC47}"
EndProject
Project("{2150E333-8FDC-42A3-9474-1A3956D46DE8}") = "Tests", "Tests", "{085240D1-0AC7-4C44-8B16-33C8E7BED383}"
EndProject
Project("{9A19103F-16F7-4668-BE54-9A1E7A4F7556}") = "UnitTests", "Emulator\Main\Tests\UnitTests\UnitTests.csproj", "{503193AF-9647-4A50-AE85-79C8C91EB27A}"
EndProject
Project("{9A19103F-16F7-4668-BE54-9A1E7A4F7556}") = "UnitTests_NET", "Emulator\Main\Tests\UnitTests\UnitTests_NET.csproj", "{EA0E1D85-3BE4-433A-9125-287F0350DD38}"
EndProject
Project("{2150E333-8FDC-42A3-9474-1A3956D46DE8}") = "Peripherals (1)", "Peripherals", "{DB2C3839-8A59-45FF-86C6-CD509A5B8A2C}"
EndProject
Project("{2150E333-8FDC-42A3-9474-1A3956D46DE8}") = "Test", "Test", "{1F6C3705-CF99-41BF-9734-331CE7366B19}"
EndProject
Project("{9A19103F-16F7-4668-BE54-9A1E7A4F7556}") = "PeripheralsTests", "Emulator\Peripherals\Test\PeripheralsTests\PeripheralsTests.csproj", "{6E9221E1-AA83-4162-8185-CC6AD735242F}"
EndProject
Project("{9A19103F-16F7-4668-BE54-9A1E7A4F7556}") = "PeripheralsTests_NET", "Emulator\Peripherals\Test\PeripheralsTests\PeripheralsTests_NET.csproj", "{D9552DF1-94AE-4BFA-A709-6A599C26CE3F}"
EndProject
Global
	GlobalSection(SolutionConfigurationPlatforms) = preSolution
		Debug|Any CPU = Debug|Any CPU
		Release|Any CPU = Release|Any CPU
	EndGlobalSection
	GlobalSection(ProjectConfigurationPlatforms) = postSolution
		{1B9D7E8D-E767-4D76-8348-DB3961DC2B0A}.Debug|Any CPU.ActiveCfg = Debug|Any CPU
		{1B9D7E8D-E767-4D76-8348-DB3961DC2B0A}.Debug|Any CPU.Build.0 = Debug|Any CPU
		{1B9D7E8D-E767-4D76-8348-DB3961DC2B0A}.Release|Any CPU.ActiveCfg = Release|Any CPU
		{1B9D7E8D-E767-4D76-8348-DB3961DC2B0A}.Release|Any CPU.Build.0 = Release|Any CPU
		{FE7AB1F8-730D-435C-9F2C-59F932A63A2E}.Debug|Any CPU.ActiveCfg = Debug|Any CPU
		{FE7AB1F8-730D-435C-9F2C-59F932A63A2E}.Debug|Any CPU.Build.0 = Debug|Any CPU
		{FE7AB1F8-730D-435C-9F2C-59F932A63A2E}.Release|Any CPU.ActiveCfg = Release|Any CPU
		{FE7AB1F8-730D-435C-9F2C-59F932A63A2E}.Release|Any CPU.Build.0 = Release|Any CPU
		{4753CB57-FFBF-4214-AA65-61AAE7A27D7C}.Debug|Any CPU.ActiveCfg = Debug|Any CPU
		{4753CB57-FFBF-4214-AA65-61AAE7A27D7C}.Debug|Any CPU.Build.0 = Debug|Any CPU
		{4753CB57-FFBF-4214-AA65-61AAE7A27D7C}.Release|Any CPU.ActiveCfg = Release|Any CPU
		{4753CB57-FFBF-4214-AA65-61AAE7A27D7C}.Release|Any CPU.Build.0 = Release|Any CPU
		{43CAA86D-3895-4D88-88F9-04605A034EE2}.Debug|Any CPU.ActiveCfg = Debug|Any CPU
		{43CAA86D-3895-4D88-88F9-04605A034EE2}.Debug|Any CPU.Build.0 = Debug|Any CPU
		{43CAA86D-3895-4D88-88F9-04605A034EE2}.Release|Any CPU.ActiveCfg = Release|Any CPU
		{43CAA86D-3895-4D88-88F9-04605A034EE2}.Release|Any CPU.Build.0 = Release|Any CPU
		{2572FAD6-CE13-415A-8341-E3AC559FF573}.Debug|Any CPU.ActiveCfg = Debug|Any CPU
		{2572FAD6-CE13-415A-8341-E3AC559FF573}.Debug|Any CPU.Build.0 = Debug|Any CPU
		{2572FAD6-CE13-415A-8341-E3AC559FF573}.Release|Any CPU.ActiveCfg = Release|Any CPU
		{2572FAD6-CE13-415A-8341-E3AC559FF573}.Release|Any CPU.Build.0 = Release|Any CPU
		{F899FAFC-89FD-40F6-8A34-E6A1358E6B49}.Debug|Any CPU.ActiveCfg = Debug|Any CPU
		{F899FAFC-89FD-40F6-8A34-E6A1358E6B49}.Debug|Any CPU.Build.0 = Debug|Any CPU
		{F899FAFC-89FD-40F6-8A34-E6A1358E6B49}.Release|Any CPU.ActiveCfg = Release|Any CPU
		{F899FAFC-89FD-40F6-8A34-E6A1358E6B49}.Release|Any CPU.Build.0 = Release|Any CPU
		{0F2D536D-E69D-4AC1-B299-32A21A660771}.Debug|Any CPU.ActiveCfg = Debug|Any CPU
		{0F2D536D-E69D-4AC1-B299-32A21A660771}.Debug|Any CPU.Build.0 = Debug|Any CPU
		{0F2D536D-E69D-4AC1-B299-32A21A660771}.Release|Any CPU.ActiveCfg = Release|Any CPU
		{0F2D536D-E69D-4AC1-B299-32A21A660771}.Release|Any CPU.Build.0 = Release|Any CPU
		{8C9FE7C1-0596-43B4-824B-9F80664D3450}.Debug|Any CPU.ActiveCfg = Debug|Any CPU
		{8C9FE7C1-0596-43B4-824B-9F80664D3450}.Debug|Any CPU.Build.0 = Debug|Any CPU
		{8C9FE7C1-0596-43B4-824B-9F80664D3450}.Release|Any CPU.ActiveCfg = Release|Any CPU
		{8C9FE7C1-0596-43B4-824B-9F80664D3450}.Release|Any CPU.Build.0 = Release|Any CPU
		{E5129D25-63D2-4445-A345-950E98C33B96}.Debug|Any CPU.ActiveCfg = Debug|Any CPU
		{E5129D25-63D2-4445-A345-950E98C33B96}.Debug|Any CPU.Build.0 = Debug|Any CPU
		{E5129D25-63D2-4445-A345-950E98C33B96}.Release|Any CPU.ActiveCfg = Release|Any CPU
		{E5129D25-63D2-4445-A345-950E98C33B96}.Release|Any CPU.Build.0 = Release|Any CPU
		{A9B851C5-46A7-4DA5-8256-98F4CE3EC526}.Debug|Any CPU.ActiveCfg = Debug|Any CPU
		{A9B851C5-46A7-4DA5-8256-98F4CE3EC526}.Debug|Any CPU.Build.0 = Debug|Any CPU
		{A9B851C5-46A7-4DA5-8256-98F4CE3EC526}.Release|Any CPU.ActiveCfg = Release|Any CPU
		{A9B851C5-46A7-4DA5-8256-98F4CE3EC526}.Release|Any CPU.Build.0 = Release|Any CPU
		{59F96704-7BF9-418F-8E46-0A6631348CD0}.Debug|Any CPU.ActiveCfg = Debug|Any CPU
		{59F96704-7BF9-418F-8E46-0A6631348CD0}.Debug|Any CPU.Build.0 = Debug|Any CPU
		{59F96704-7BF9-418F-8E46-0A6631348CD0}.Release|Any CPU.ActiveCfg = Release|Any CPU
		{59F96704-7BF9-418F-8E46-0A6631348CD0}.Release|Any CPU.Build.0 = Release|Any CPU
		{832301FB-0CC2-4D39-A496-4CF2E4DC9FB6}.Debug|Any CPU.ActiveCfg = Debug|Any CPU
		{832301FB-0CC2-4D39-A496-4CF2E4DC9FB6}.Debug|Any CPU.Build.0 = Debug|Any CPU
		{832301FB-0CC2-4D39-A496-4CF2E4DC9FB6}.Release|Any CPU.ActiveCfg = Release|Any CPU
		{832301FB-0CC2-4D39-A496-4CF2E4DC9FB6}.Release|Any CPU.Build.0 = Release|Any CPU
		{BA8AC2CA-8A3C-4808-A708-B0166E03B1DF}.Debug|Any CPU.ActiveCfg = Debug|Any CPU
		{BA8AC2CA-8A3C-4808-A708-B0166E03B1DF}.Debug|Any CPU.Build.0 = Debug|Any CPU
		{BA8AC2CA-8A3C-4808-A708-B0166E03B1DF}.Release|Any CPU.ActiveCfg = Release|Any CPU
		{BA8AC2CA-8A3C-4808-A708-B0166E03B1DF}.Release|Any CPU.Build.0 = Release|Any CPU
		{55381FC9-E61C-40E8-AD28-172679F11F8F}.Debug|Any CPU.ActiveCfg = Debug|Any CPU
		{55381FC9-E61C-40E8-AD28-172679F11F8F}.Debug|Any CPU.Build.0 = Debug|Any CPU
		{55381FC9-E61C-40E8-AD28-172679F11F8F}.Release|Any CPU.ActiveCfg = Release|Any CPU
		{55381FC9-E61C-40E8-AD28-172679F11F8F}.Release|Any CPU.Build.0 = Release|Any CPU
		{BC4A1C97-6980-44EB-82F0-85A53FCD00CD}.Debug|Any CPU.ActiveCfg = Debug|Any CPU
		{BC4A1C97-6980-44EB-82F0-85A53FCD00CD}.Debug|Any CPU.Build.0 = Debug|Any CPU
		{BC4A1C97-6980-44EB-82F0-85A53FCD00CD}.Release|Any CPU.ActiveCfg = Release|Any CPU
		{BC4A1C97-6980-44EB-82F0-85A53FCD00CD}.Release|Any CPU.Build.0 = Release|Any CPU
		{F8710BF7-EC90-428B-9C2A-9C01313C00ED}.Debug|Any CPU.ActiveCfg = Debug|Any CPU
		{F8710BF7-EC90-428B-9C2A-9C01313C00ED}.Debug|Any CPU.Build.0 = Debug|Any CPU
		{F8710BF7-EC90-428B-9C2A-9C01313C00ED}.Release|Any CPU.ActiveCfg = Release|Any CPU
		{F8710BF7-EC90-428B-9C2A-9C01313C00ED}.Release|Any CPU.Build.0 = Release|Any CPU
		{899C909D-AD3E-48EB-AB06-385E8C018DAD}.Debug|Any CPU.ActiveCfg = Debug|Any CPU
		{899C909D-AD3E-48EB-AB06-385E8C018DAD}.Debug|Any CPU.Build.0 = Debug|Any CPU
		{899C909D-AD3E-48EB-AB06-385E8C018DAD}.Release|Any CPU.ActiveCfg = Release|Any CPU
		{899C909D-AD3E-48EB-AB06-385E8C018DAD}.Release|Any CPU.Build.0 = Release|Any CPU
		{3FEFE144-FD2A-4E1D-A5DF-1DCFEE8623BB}.Debug|Any CPU.ActiveCfg = Debug|Any CPU
		{3FEFE144-FD2A-4E1D-A5DF-1DCFEE8623BB}.Debug|Any CPU.Build.0 = Debug|Any CPU
		{3FEFE144-FD2A-4E1D-A5DF-1DCFEE8623BB}.Release|Any CPU.ActiveCfg = Release|Any CPU
		{3FEFE144-FD2A-4E1D-A5DF-1DCFEE8623BB}.Release|Any CPU.Build.0 = Release|Any CPU
		{FA12A8C4-4006-41EF-9996-BD18AF5F4CBA}.Debug|Any CPU.ActiveCfg = Debug|Any CPU
		{FA12A8C4-4006-41EF-9996-BD18AF5F4CBA}.Debug|Any CPU.Build.0 = Debug|Any CPU
		{FA12A8C4-4006-41EF-9996-BD18AF5F4CBA}.Release|Any CPU.ActiveCfg = Release|Any CPU
		{FA12A8C4-4006-41EF-9996-BD18AF5F4CBA}.Release|Any CPU.Build.0 = Release|Any CPU
		{9079EFBC-93E9-432A-9008-65BDA2B2F49E}.Debug|Any CPU.ActiveCfg = Debug|Any CPU
		{9079EFBC-93E9-432A-9008-65BDA2B2F49E}.Debug|Any CPU.Build.0 = Debug|Any CPU
		{9079EFBC-93E9-432A-9008-65BDA2B2F49E}.Release|Any CPU.ActiveCfg = Release|Any CPU
		{9079EFBC-93E9-432A-9008-65BDA2B2F49E}.Release|Any CPU.Build.0 = Release|Any CPU
		{E48A8E62-5A7E-4E2D-AD9D-B2164A53D9E3}.Debug|Any CPU.ActiveCfg = Debug|Any CPU
		{E48A8E62-5A7E-4E2D-AD9D-B2164A53D9E3}.Debug|Any CPU.Build.0 = Debug|Any CPU
		{E48A8E62-5A7E-4E2D-AD9D-B2164A53D9E3}.Release|Any CPU.ActiveCfg = Release|Any CPU
		{E48A8E62-5A7E-4E2D-AD9D-B2164A53D9E3}.Release|Any CPU.Build.0 = Release|Any CPU
		{3E6070E8-F005-4EFC-83EF-10C6C8A2AD49}.Debug|Any CPU.ActiveCfg = Debug|Any CPU
		{3E6070E8-F005-4EFC-83EF-10C6C8A2AD49}.Debug|Any CPU.Build.0 = Debug|Any CPU
		{3E6070E8-F005-4EFC-83EF-10C6C8A2AD49}.Release|Any CPU.ActiveCfg = Release|Any CPU
		{3E6070E8-F005-4EFC-83EF-10C6C8A2AD49}.Release|Any CPU.Build.0 = Release|Any CPU
		{D22A90C7-5D35-4AC7-8284-7DF2FD6A9876}.Debug|Any CPU.ActiveCfg = Debug|Any CPU
		{D22A90C7-5D35-4AC7-8284-7DF2FD6A9876}.Debug|Any CPU.Build.0 = Debug|Any CPU
		{D22A90C7-5D35-4AC7-8284-7DF2FD6A9876}.Release|Any CPU.ActiveCfg = Release|Any CPU
		{D22A90C7-5D35-4AC7-8284-7DF2FD6A9876}.Release|Any CPU.Build.0 = Release|Any CPU
		{A8A8FD59-CFE0-4077-B1A1-8E18E0533250}.Debug|Any CPU.ActiveCfg = Debug|Any CPU
		{A8A8FD59-CFE0-4077-B1A1-8E18E0533250}.Debug|Any CPU.Build.0 = Debug|Any CPU
		{A8A8FD59-CFE0-4077-B1A1-8E18E0533250}.Release|Any CPU.ActiveCfg = Release|Any CPU
		{A8A8FD59-CFE0-4077-B1A1-8E18E0533250}.Release|Any CPU.Build.0 = Release|Any CPU
		{B645E867-9489-4DD1-9C9F-42A0E40BBED1}.Debug|Any CPU.ActiveCfg = Debug|Any CPU
		{B645E867-9489-4DD1-9C9F-42A0E40BBED1}.Debug|Any CPU.Build.0 = Debug|Any CPU
		{B645E867-9489-4DD1-9C9F-42A0E40BBED1}.Release|Any CPU.ActiveCfg = Release|Any CPU
		{B645E867-9489-4DD1-9C9F-42A0E40BBED1}.Release|Any CPU.Build.0 = Release|Any CPU
		{95F93E95-653C-4660-A926-8FE12AEF9243}.Debug|Any CPU.ActiveCfg = Debug|Any CPU
		{95F93E95-653C-4660-A926-8FE12AEF9243}.Debug|Any CPU.Build.0 = Debug|Any CPU
		{95F93E95-653C-4660-A926-8FE12AEF9243}.Release|Any CPU.ActiveCfg = Release|Any CPU
		{95F93E95-653C-4660-A926-8FE12AEF9243}.Release|Any CPU.Build.0 = Release|Any CPU
		{6C8BDEA6-D4BE-4379-AB66-C3787B50F360}.Debug|Any CPU.ActiveCfg = Debug|Any CPU
		{6C8BDEA6-D4BE-4379-AB66-C3787B50F360}.Debug|Any CPU.Build.0 = Debug|Any CPU
		{6C8BDEA6-D4BE-4379-AB66-C3787B50F360}.Release|Any CPU.ActiveCfg = Release|Any CPU
		{6C8BDEA6-D4BE-4379-AB66-C3787B50F360}.Release|Any CPU.Build.0 = Release|Any CPU
		{B33AFA70-22CA-4CCB-9B96-A869F47E9294}.Debug|Any CPU.ActiveCfg = Debug|Any CPU
		{B33AFA70-22CA-4CCB-9B96-A869F47E9294}.Debug|Any CPU.Build.0 = Debug|Any CPU
		{B33AFA70-22CA-4CCB-9B96-A869F47E9294}.Release|Any CPU.ActiveCfg = Release|Any CPU
		{B33AFA70-22CA-4CCB-9B96-A869F47E9294}.Release|Any CPU.Build.0 = Release|Any CPU
		{9446F474-01C9-4318-A6BB-F10332451FE7}.Debug|Any CPU.ActiveCfg = Debug|Any CPU
		{9446F474-01C9-4318-A6BB-F10332451FE7}.Debug|Any CPU.Build.0 = Debug|Any CPU
		{9446F474-01C9-4318-A6BB-F10332451FE7}.Release|Any CPU.ActiveCfg = Release|Any CPU
		{9446F474-01C9-4318-A6BB-F10332451FE7}.Release|Any CPU.Build.0 = Release|Any CPU
		{60D87101-B2C8-4354-AA9E-0C6B2512BF54}.Debug|Any CPU.ActiveCfg = Debug|Any CPU
		{60D87101-B2C8-4354-AA9E-0C6B2512BF54}.Debug|Any CPU.Build.0 = Debug|Any CPU
		{60D87101-B2C8-4354-AA9E-0C6B2512BF54}.Release|Any CPU.ActiveCfg = Release|Any CPU
		{60D87101-B2C8-4354-AA9E-0C6B2512BF54}.Release|Any CPU.Build.0 = Release|Any CPU
		{E0ED2992-66E6-4AD9-9700-CB41D24BA2FD}.Debug|Any CPU.ActiveCfg = Debug|Any CPU
		{E0ED2992-66E6-4AD9-9700-CB41D24BA2FD}.Debug|Any CPU.Build.0 = Debug|Any CPU
		{E0ED2992-66E6-4AD9-9700-CB41D24BA2FD}.Release|Any CPU.ActiveCfg = Release|Any CPU
		{E0ED2992-66E6-4AD9-9700-CB41D24BA2FD}.Release|Any CPU.Build.0 = Release|Any CPU
		{8DB23A10-4FCA-43EE-B708-9A259D10F7CA}.Debug|Any CPU.ActiveCfg = Debug|Any CPU
		{8DB23A10-4FCA-43EE-B708-9A259D10F7CA}.Debug|Any CPU.Build.0 = Debug|Any CPU
		{8DB23A10-4FCA-43EE-B708-9A259D10F7CA}.Release|Any CPU.ActiveCfg = Release|Any CPU
		{8DB23A10-4FCA-43EE-B708-9A259D10F7CA}.Release|Any CPU.Build.0 = Release|Any CPU
		{85D7B6A7-E2C8-41C9-B3F7-9B60F7F4D74A}.Debug|Any CPU.ActiveCfg = Debug|Any CPU
		{85D7B6A7-E2C8-41C9-B3F7-9B60F7F4D74A}.Debug|Any CPU.Build.0 = Debug|Any CPU
		{85D7B6A7-E2C8-41C9-B3F7-9B60F7F4D74A}.Release|Any CPU.ActiveCfg = Release|Any CPU
		{85D7B6A7-E2C8-41C9-B3F7-9B60F7F4D74A}.Release|Any CPU.Build.0 = Release|Any CPU
		{43D57E2F-EBD6-4776-A7BD-85D05394A76B}.Debug|Any CPU.ActiveCfg = Debug|Any CPU
		{43D57E2F-EBD6-4776-A7BD-85D05394A76B}.Debug|Any CPU.Build.0 = Debug|Any CPU
		{43D57E2F-EBD6-4776-A7BD-85D05394A76B}.Release|Any CPU.ActiveCfg = Release|Any CPU
		{43D57E2F-EBD6-4776-A7BD-85D05394A76B}.Release|Any CPU.Build.0 = Release|Any CPU
		{5653F646-E252-44F2-954C-67907F4A0BE9}.Debug|Any CPU.ActiveCfg = Debug|Any CPU
		{5653F646-E252-44F2-954C-67907F4A0BE9}.Debug|Any CPU.Build.0 = Debug|Any CPU
		{5653F646-E252-44F2-954C-67907F4A0BE9}.Release|Any CPU.ActiveCfg = Release|Any CPU
		{5653F646-E252-44F2-954C-67907F4A0BE9}.Release|Any CPU.Build.0 = Release|Any CPU
		{51698352-2634-44CD-B4F7-8F1027A87C6A}.Debug|Any CPU.ActiveCfg = Debug|Any CPU
		{51698352-2634-44CD-B4F7-8F1027A87C6A}.Debug|Any CPU.Build.0 = Debug|Any CPU
		{51698352-2634-44CD-B4F7-8F1027A87C6A}.Release|Any CPU.ActiveCfg = Release|Any CPU
		{51698352-2634-44CD-B4F7-8F1027A87C6A}.Release|Any CPU.Build.0 = Release|Any CPU
		{7141CA89-BAA8-4B93-AEA9-E0DC0C9ED040}.Debug|Any CPU.ActiveCfg = Debug|Any CPU
		{7141CA89-BAA8-4B93-AEA9-E0DC0C9ED040}.Debug|Any CPU.Build.0 = Debug|Any CPU
		{7141CA89-BAA8-4B93-AEA9-E0DC0C9ED040}.Release|Any CPU.ActiveCfg = Release|Any CPU
		{7141CA89-BAA8-4B93-AEA9-E0DC0C9ED040}.Release|Any CPU.Build.0 = Release|Any CPU
		{6FC4995C-6502-43FE-91F9-62A218E56DB1}.Debug|Any CPU.ActiveCfg = Debug|Any CPU
		{6FC4995C-6502-43FE-91F9-62A218E56DB1}.Debug|Any CPU.Build.0 = Debug|Any CPU
		{6FC4995C-6502-43FE-91F9-62A218E56DB1}.Release|Any CPU.ActiveCfg = Release|Any CPU
		{6FC4995C-6502-43FE-91F9-62A218E56DB1}.Release|Any CPU.Build.0 = Release|Any CPU
		{57BC022A-4F5D-4AB9-8AC6-8B1E3B0E47EC}.Debug|Any CPU.ActiveCfg = Debug|Any CPU
		{57BC022A-4F5D-4AB9-8AC6-8B1E3B0E47EC}.Debug|Any CPU.Build.0 = Debug|Any CPU
		{57BC022A-4F5D-4AB9-8AC6-8B1E3B0E47EC}.Release|Any CPU.ActiveCfg = Release|Any CPU
		{57BC022A-4F5D-4AB9-8AC6-8B1E3B0E47EC}.Release|Any CPU.Build.0 = Release|Any CPU
		{6544C1AB-5270-445D-81AF-4EA56860A383}.Debug|Any CPU.ActiveCfg = Debug|Any CPU
		{6544C1AB-5270-445D-81AF-4EA56860A383}.Debug|Any CPU.Build.0 = Debug|Any CPU
		{6544C1AB-5270-445D-81AF-4EA56860A383}.Release|Any CPU.ActiveCfg = Release|Any CPU
		{6544C1AB-5270-445D-81AF-4EA56860A383}.Release|Any CPU.Build.0 = Release|Any CPU
		{8CCB475D-E57D-4FF4-9E72-6C0399E4654B}.Debug|Any CPU.ActiveCfg = Debug|Any CPU
		{8CCB475D-E57D-4FF4-9E72-6C0399E4654B}.Debug|Any CPU.Build.0 = Debug|Any CPU
		{8CCB475D-E57D-4FF4-9E72-6C0399E4654B}.Release|Any CPU.ActiveCfg = Release|Any CPU
		{8CCB475D-E57D-4FF4-9E72-6C0399E4654B}.Release|Any CPU.Build.0 = Release|Any CPU
		{94FA9E6C-A098-427E-8249-142DF6A05ACD}.Debug|Any CPU.ActiveCfg = Debug|Any CPU
		{94FA9E6C-A098-427E-8249-142DF6A05ACD}.Debug|Any CPU.Build.0 = Debug|Any CPU
		{94FA9E6C-A098-427E-8249-142DF6A05ACD}.Release|Any CPU.ActiveCfg = Release|Any CPU
		{94FA9E6C-A098-427E-8249-142DF6A05ACD}.Release|Any CPU.Build.0 = Release|Any CPU
		{CF3F0D97-356E-46CF-A520-4BA9ADB7D527}.Debug|Any CPU.ActiveCfg = Debug|Any CPU
		{CF3F0D97-356E-46CF-A520-4BA9ADB7D527}.Debug|Any CPU.Build.0 = Debug|Any CPU
		{CF3F0D97-356E-46CF-A520-4BA9ADB7D527}.Release|Any CPU.ActiveCfg = Release|Any CPU
		{CF3F0D97-356E-46CF-A520-4BA9ADB7D527}.Release|Any CPU.Build.0 = Release|Any CPU
		{01178F6D-1054-461E-9522-E619EA3D30F2}.Debug|Any CPU.ActiveCfg = Debug|Any CPU
		{01178F6D-1054-461E-9522-E619EA3D30F2}.Debug|Any CPU.Build.0 = Debug|Any CPU
		{01178F6D-1054-461E-9522-E619EA3D30F2}.Release|Any CPU.ActiveCfg = Release|Any CPU
		{01178F6D-1054-461E-9522-E619EA3D30F2}.Release|Any CPU.Build.0 = Release|Any CPU
		{503193AF-9647-4A50-AE85-79C8C91EB27A}.Debug|Any CPU.ActiveCfg = Debug|Any CPU
		{503193AF-9647-4A50-AE85-79C8C91EB27A}.Debug|Any CPU.Build.0 = Debug|Any CPU
		{503193AF-9647-4A50-AE85-79C8C91EB27A}.Release|Any CPU.ActiveCfg = Release|Any CPU
		{503193AF-9647-4A50-AE85-79C8C91EB27A}.Release|Any CPU.Build.0 = Release|Any CPU
		{EA0E1D85-3BE4-433A-9125-287F0350DD38}.Debug|Any CPU.ActiveCfg = Debug|Any CPU
		{EA0E1D85-3BE4-433A-9125-287F0350DD38}.Debug|Any CPU.Build.0 = Debug|Any CPU
		{EA0E1D85-3BE4-433A-9125-287F0350DD38}.Release|Any CPU.ActiveCfg = Release|Any CPU
		{EA0E1D85-3BE4-433A-9125-287F0350DD38}.Release|Any CPU.Build.0 = Release|Any CPU
		{6E9221E1-AA83-4162-8185-CC6AD735242F}.Debug|Any CPU.ActiveCfg = Debug|Any CPU
		{6E9221E1-AA83-4162-8185-CC6AD735242F}.Debug|Any CPU.Build.0 = Debug|Any CPU
		{6E9221E1-AA83-4162-8185-CC6AD735242F}.Release|Any CPU.ActiveCfg = Release|Any CPU
		{6E9221E1-AA83-4162-8185-CC6AD735242F}.Release|Any CPU.Build.0 = Release|Any CPU
		{D9552DF1-94AE-4BFA-A709-6A599C26CE3F}.Debug|Any CPU.ActiveCfg = Debug|Any CPU
		{D9552DF1-94AE-4BFA-A709-6A599C26CE3F}.Debug|Any CPU.Build.0 = Debug|Any CPU
		{D9552DF1-94AE-4BFA-A709-6A599C26CE3F}.Release|Any CPU.ActiveCfg = Release|Any CPU
		{D9552DF1-94AE-4BFA-A709-6A599C26CE3F}.Release|Any CPU.Build.0 = Release|Any CPU
	EndGlobalSection
	GlobalSection(SolutionProperties) = preSolution
		HideSolutionNode = FALSE
	EndGlobalSection
	GlobalSection(NestedProjects) = preSolution
		{4753CB57-FFBF-4214-AA65-61AAE7A27D7C} = {D4DA1058-63E6-4630-89E5-4ECE5F7144B4}
		{43CAA86D-3895-4D88-88F9-04605A034EE2} = {D4DA1058-63E6-4630-89E5-4ECE5F7144B4}
		{2572FAD6-CE13-415A-8341-E3AC559FF573} = {D4DA1058-63E6-4630-89E5-4ECE5F7144B4}
		{F899FAFC-89FD-40F6-8A34-E6A1358E6B49} = {D4DA1058-63E6-4630-89E5-4ECE5F7144B4}
		{0F2D536D-E69D-4AC1-B299-32A21A660771} = {D4DA1058-63E6-4630-89E5-4ECE5F7144B4}
		{8C9FE7C1-0596-43B4-824B-9F80664D3450} = {D4DA1058-63E6-4630-89E5-4ECE5F7144B4}
		{E5129D25-63D2-4445-A345-950E98C33B96} = {D4DA1058-63E6-4630-89E5-4ECE5F7144B4}
		{A9B851C5-46A7-4DA5-8256-98F4CE3EC526} = {D4DA1058-63E6-4630-89E5-4ECE5F7144B4}
		{59F96704-7BF9-418F-8E46-0A6631348CD0} = {D4DA1058-63E6-4630-89E5-4ECE5F7144B4}
		{832301FB-0CC2-4D39-A496-4CF2E4DC9FB6} = {D4DA1058-63E6-4630-89E5-4ECE5F7144B4}
		{BA8AC2CA-8A3C-4808-A708-B0166E03B1DF} = {D4DA1058-63E6-4630-89E5-4ECE5F7144B4}
		{55381FC9-E61C-40E8-AD28-172679F11F8F} = {D4DA1058-63E6-4630-89E5-4ECE5F7144B4}
		{BC4A1C97-6980-44EB-82F0-85A53FCD00CD} = {D4DA1058-63E6-4630-89E5-4ECE5F7144B4}
		{F8710BF7-EC90-428B-9C2A-9C01313C00ED} = {D4DA1058-63E6-4630-89E5-4ECE5F7144B4}
		{899C909D-AD3E-48EB-AB06-385E8C018DAD} = {D4DA1058-63E6-4630-89E5-4ECE5F7144B4}
		{3FEFE144-FD2A-4E1D-A5DF-1DCFEE8623BB} = {D4DA1058-63E6-4630-89E5-4ECE5F7144B4}
		{FA12A8C4-4006-41EF-9996-BD18AF5F4CBA} = {D4DA1058-63E6-4630-89E5-4ECE5F7144B4}
		{9079EFBC-93E9-432A-9008-65BDA2B2F49E} = {D4DA1058-63E6-4630-89E5-4ECE5F7144B4}
		{E48A8E62-5A7E-4E2D-AD9D-B2164A53D9E3} = {D4DA1058-63E6-4630-89E5-4ECE5F7144B4}
		{3E6070E8-F005-4EFC-83EF-10C6C8A2AD49} = {D4DA1058-63E6-4630-89E5-4ECE5F7144B4}
		{D22A90C7-5D35-4AC7-8284-7DF2FD6A9876} = {D4DA1058-63E6-4630-89E5-4ECE5F7144B4}
		{A8A8FD59-CFE0-4077-B1A1-8E18E0533250} = {D4DA1058-63E6-4630-89E5-4ECE5F7144B4}
		{B645E867-9489-4DD1-9C9F-42A0E40BBED1} = {D4DA1058-63E6-4630-89E5-4ECE5F7144B4}
		{95F93E95-653C-4660-A926-8FE12AEF9243} = {D4DA1058-63E6-4630-89E5-4ECE5F7144B4}
		{6C8BDEA6-D4BE-4379-AB66-C3787B50F360} = {D4DA1058-63E6-4630-89E5-4ECE5F7144B4}
		{B33AFA70-22CA-4CCB-9B96-A869F47E9294} = {D4DA1058-63E6-4630-89E5-4ECE5F7144B4}
		{9446F474-01C9-4318-A6BB-F10332451FE7} = {D4DA1058-63E6-4630-89E5-4ECE5F7144B4}
		{60D87101-B2C8-4354-AA9E-0C6B2512BF54} = {D4DA1058-63E6-4630-89E5-4ECE5F7144B4}
		{E0ED2992-66E6-4AD9-9700-CB41D24BA2FD} = {D4DA1058-63E6-4630-89E5-4ECE5F7144B4}
		{8DB23A10-4FCA-43EE-B708-9A259D10F7CA} = {D4DA1058-63E6-4630-89E5-4ECE5F7144B4}
		{85D7B6A7-E2C8-41C9-B3F7-9B60F7F4D74A} = {D4DA1058-63E6-4630-89E5-4ECE5F7144B4}
		{43D57E2F-EBD6-4776-A7BD-85D05394A76B} = {D4DA1058-63E6-4630-89E5-4ECE5F7144B4}
		{5653F646-E252-44F2-954C-67907F4A0BE9} = {D4DA1058-63E6-4630-89E5-4ECE5F7144B4}
		{51698352-2634-44CD-B4F7-8F1027A87C6A} = {D4DA1058-63E6-4630-89E5-4ECE5F7144B4}
		{7141CA89-BAA8-4B93-AEA9-E0DC0C9ED040} = {9AB78BD4-FC52-4F18-B95C-B5ED144A41C3}
		{6FC4995C-6502-43FE-91F9-62A218E56DB1} = {9AB78BD4-FC52-4F18-B95C-B5ED144A41C3}
		{57BC022A-4F5D-4AB9-8AC6-8B1E3B0E47EC} = {9AB78BD4-FC52-4F18-B95C-B5ED144A41C3}
		{6544C1AB-5270-445D-81AF-4EA56860A383} = {9AB78BD4-FC52-4F18-B95C-B5ED144A41C3}
		{8CCB475D-E57D-4FF4-9E72-6C0399E4654B} = {9AB78BD4-FC52-4F18-B95C-B5ED144A41C3}
		{94FA9E6C-A098-427E-8249-142DF6A05ACD} = {9AB78BD4-FC52-4F18-B95C-B5ED144A41C3}
		{AF2C0A41-8FFC-41C0-BB05-90A608477620} = {D4DA1058-63E6-4630-89E5-4ECE5F7144B4}
		{CF3F0D97-356E-46CF-A520-4BA9ADB7D527} = {AF2C0A41-8FFC-41C0-BB05-90A608477620}
		{01178F6D-1054-461E-9522-E619EA3D30F2} = {AF2C0A41-8FFC-41C0-BB05-90A608477620}
		{7AD92A7E-7EBC-4062-B0A3-34D99BE9DC47} = {D4DA1058-63E6-4630-89E5-4ECE5F7144B4}
		{085240D1-0AC7-4C44-8B16-33C8E7BED383} = {7AD92A7E-7EBC-4062-B0A3-34D99BE9DC47}
		{503193AF-9647-4A50-AE85-79C8C91EB27A} = {085240D1-0AC7-4C44-8B16-33C8E7BED383}
		{EA0E1D85-3BE4-433A-9125-287F0350DD38} = {085240D1-0AC7-4C44-8B16-33C8E7BED383}
		{DB2C3839-8A59-45FF-86C6-CD509A5B8A2C} = {D4DA1058-63E6-4630-89E5-4ECE5F7144B4}
		{1F6C3705-CF99-41BF-9734-331CE7366B19} = {DB2C3839-8A59-45FF-86C6-CD509A5B8A2C}
		{6E9221E1-AA83-4162-8185-CC6AD735242F} = {1F6C3705-CF99-41BF-9734-331CE7366B19}
		{D9552DF1-94AE-4BFA-A709-6A599C26CE3F} = {1F6C3705-CF99-41BF-9734-331CE7366B19}
	EndGlobalSection
	GlobalSection(ExtensibilityGlobals) = postSolution
		SolutionGuid = {B8F889B3-1495-4D45-AAA3-7539CF925395}
	EndGlobalSection
EndGlobal
